	ASSETCATALOG_FILE_REF /* Assets.xcassets */ = {
		isa = PBXFileReference;
		lastKnownFileType = folder.assetcatalog;
		name = "Assets.xcassets";
		path = "Apple Intelligence Chat/Assets.xcassets";
		sourceTree = "<group>";
	};

	ASSETCATALOG_BUILD_FILE /* Assets.xcassets in Resources */ = {
		isa = PBXBuildFile;
		fileRef = ASSETCATALOG_FILE_REF /* Assets.xcassets */;
	};
